
Microsoft Visual Studio Solution File, Format Version 12.00
# Visual Studio Version 16
VisualStudioVersion = 16.0.29306.81
MinimumVisualStudioVersion = 10.0.40219.1
Project("{2150E333-8FDC-42A3-9474-1A3956D46DE8}") = "sample", "sample", "{B3A856D9-AB49-4DAB-8A53-5B4461B2735C}"
EndProject
Project("{2150E333-8FDC-42A3-9474-1A3956D46DE8}") = "src", "src", "{F6DAFB03-D211-4EEC-A7E6-0CBF99361FC4}"
EndProject
Project("{9A19103F-16F7-4668-BE54-9A1E7A4F7556}") = "Kmd.Logic.Cpr.Client", "src\Kmd.Logic.Cpr.Client\Kmd.Logic.Cpr.Client.csproj", "{B7D824BD-27A8-44AB-99B3-104CBBC1B3E0}"
EndProject
Project("{9A19103F-16F7-4668-BE54-9A1E7A4F7556}") = "Kmd.Logic.Cpr.Client.Sample", "sample\Kmd.Logic.Cpr.Client.Sample\Kmd.Logic.Cpr.Client.Sample.csproj", "{AD0F7BA5-A090-4025-92BA-645095B75B26}"
EndProject
Project("{2150E333-8FDC-42A3-9474-1A3956D46DE8}") = "Solution", "Solution", "{B1DE939A-4D71-4150-B411-8BB10AE73A3B}"
	ProjectSection(SolutionItems) = preProject
		appveyor.yml = appveyor.yml
		build.ps1 = build.ps1
		build.sh = build.sh
		CHANGES.md = CHANGES.md
		Directory.Build.props = Directory.Build.props
		global.json = global.json
		LICENSE = LICENSE
		README.md = README.md
		setup.ps1 = setup.ps1
		setup.sh = setup.sh
	EndProjectSection
EndProject
Project("{2150E333-8FDC-42A3-9474-1A3956D46DE8}") = "fake", "fake", "{81F92C9E-877B-401E-8162-10C88119D55E}"
	ProjectSection(SolutionItems) = preProject
		fake\allowed_cpr.json = fake\allowed_cpr.json
		fake\cpr_0101015084.json = fake\cpr_0101015084.json
		fake\cpr_0101600068.json = fake\cpr_0101600068.json
		fake\cpr_0101650049.json = fake\cpr_0101650049.json
		fake\cpr_0101851001.json = fake\cpr_0101851001.json
		fake\cpr_0101851028.json = fake\cpr_0101851028.json
		fake\cpr_0101901009.json = fake\cpr_0101901009.json
		fake\cpr_0105700660.json = fake\cpr_0105700660.json
		fake\cpr_0107038302.json = fake\cpr_0107038302.json
		fake\cpr_0109664847.json = fake\cpr_0109664847.json
		fake\cpr_0110692439.json = fake\cpr_0110692439.json
		fake\cpr_0110692579.json = fake\cpr_0110692579.json
		fake\cpr_0112922660.json = fake\cpr_0112922660.json
		fake\cpr_0112947728.json = fake\cpr_0112947728.json
		fake\cpr_0201871018.json = fake\cpr_0201871018.json
		fake\cpr_0203924410.json = fake\cpr_0203924410.json
		fake\cpr_0207672750.json = fake\cpr_0207672750.json
		fake\cpr_0208901028.json = fake\cpr_0208901028.json
		fake\cpr_0301801068.json = fake\cpr_0301801068.json
		fake\cpr_0301811004.json = fake\cpr_0301811004.json
		fake\cpr_0303704728.json = fake\cpr_0303704728.json
		fake\cpr_0303811001.json = fake\cpr_0303811001.json
		fake\cpr_0307711001.json = fake\cpr_0307711001.json
		fake\cpr_0308684954.json = fake\cpr_0308684954.json
		fake\cpr_0308811018.json = fake\cpr_0308811018.json
		fake\cpr_0310630012.json = fake\cpr_0310630012.json
		fake\cpr_0310630039.json = fake\cpr_0310630039.json
		fake\cpr_0501771007.json = fake\cpr_0501771007.json
		fake\cpr_0503600021.json = fake\cpr_0503600021.json
		fake\cpr_0506650038.json = fake\cpr_0506650038.json
		fake\cpr_0506871018.json = fake\cpr_0506871018.json
		fake\cpr_0506941008.json = fake\cpr_0506941008.json
		fake\cpr_0508610017.json = fake\cpr_0508610017.json
		fake\cpr_0508921004.json = fake\cpr_0508921004.json
		fake\cpr_0511821002.json = fake\cpr_0511821002.json
		fake\cpr_0512801048.json = fake\cpr_0512801048.json
		fake\cpr_0605851010.json = fake\cpr_0605851010.json
		fake\cpr_0605901018.json = fake\cpr_0605901018.json
		fake\cpr_0607620059.json = fake\cpr_0607620059.json
		fake\cpr_0607941068.json = fake\cpr_0607941068.json
		fake\cpr_0701590058.json = fake\cpr_0701590058.json
		fake\cpr_0701614038.json = fake\cpr_0701614038.json
		fake\cpr_0701614046.json = fake\cpr_0701614046.json
		fake\cpr_0701614054.json = fake\cpr_0701614054.json
		fake\cpr_0701650018.json = fake\cpr_0701650018.json
		fake\cpr_0702614074.json = fake\cpr_0702614074.json
		fake\cpr_0702614082.json = fake\cpr_0702614082.json
		fake\cpr_0702811007.json = fake\cpr_0702811007.json
		fake\cpr_0703610013.json = fake\cpr_0703610013.json
		fake\cpr_0705614857.json = fake\cpr_0705614857.json
		fake\cpr_0705650012.json = fake\cpr_0705650012.json
		fake\cpr_0705901007.json = fake\cpr_0705901007.json
		fake\cpr_0705921059.json = fake\cpr_0705921059.json
		fake\cpr_0705960011.json = fake\cpr_0705960011.json
		fake\cpr_0706015000.json = fake\cpr_0706015000.json
		fake\cpr_0706035028.json = fake\cpr_0706035028.json
		fake\cpr_0706610049.json = fake\cpr_0706610049.json
		fake\cpr_0706614184.json = fake\cpr_0706614184.json
		fake\cpr_0706970010.json = fake\cpr_0706970010.json
		fake\cpr_0707614285.json = fake\cpr_0707614285.json
		fake\cpr_0707614293.json = fake\cpr_0707614293.json
		fake\cpr_0707614307.json = fake\cpr_0707614307.json
		fake\cpr_0707650079.json = fake\cpr_0707650079.json
		fake\cpr_0708614246.json = fake\cpr_0708614246.json
		fake\cpr_0708614319.json = fake\cpr_0708614319.json
		fake\cpr_0709614029.json = fake\cpr_0709614029.json
		fake\cpr_0709614096.json = fake\cpr_0709614096.json
		fake\cpr_0709614266.json = fake\cpr_0709614266.json
		fake\cpr_0709614290.json = fake\cpr_0709614290.json
		fake\cpr_0709614401.json = fake\cpr_0709614401.json
		fake\cpr_0710610029.json = fake\cpr_0710610029.json
		fake\cpr_0712614382.json = fake\cpr_0712614382.json
		fake\cpr_0801931006.json = fake\cpr_0801931006.json
		fake\cpr_0807891049.json = fake\cpr_0807891049.json
		fake\cpr_0808055007.json = fake\cpr_0808055007.json
		fake\cpr_0808055015.json = fake\cpr_0808055015.json
		fake\cpr_0811811068.json = fake\cpr_0811811068.json
		fake\cpr_0901414025.json = fake\cpr_0901414025.json
		fake\cpr_0902410058.json = fake\cpr_0902410058.json
		fake\cpr_1007600069.json = fake\cpr_1007600069.json
		fake\cpr_1101811049.json = fake\cpr_1101811049.json
		fake\cpr_1103713745.json = fake\cpr_1103713745.json
		fake\cpr_1105600166.json = fake\cpr_1105600166.json
		fake\cpr_1108761004.json = fake\cpr_1108761004.json
		fake\cpr_1111791003.json = fake\cpr_1111791003.json
		fake\cpr_1112801029.json = fake\cpr_1112801029.json
		fake\cpr_1209026399.json = fake\cpr_1209026399.json
		fake\cpr_1211025995.json = fake\cpr_1211025995.json
		fake\cpr_1301811019.json = fake\cpr_1301811019.json
		fake\cpr_1301814026.json = fake\cpr_1301814026.json
		fake\cpr_1301814077.json = fake\cpr_1301814077.json
		fake\cpr_1310732601.json = fake\cpr_1310732601.json
		fake\cpr_1312814362.json = fake\cpr_1312814362.json
		fake\cpr_1312814435.json = fake\cpr_1312814435.json
		fake\cpr_1503580019.json = fake\cpr_1503580019.json
		fake\cpr_1510950069.json = fake\cpr_1510950069.json
		fake\cpr_1705046782.json = fake\cpr_1705046782.json
		fake\cpr_1802741002.json = fake\cpr_1802741002.json
		fake\cpr_1802811000.json = fake\cpr_1802811000.json
		fake\cpr_1808821008.json = fake\cpr_1808821008.json
		fake\cpr_1811781068.json = fake\cpr_1811781068.json
		fake\cpr_2005610001.json = fake\cpr_2005610001.json
		fake\cpr_2009693133.json = fake\cpr_2009693133.json
		fake\cpr_2010880004.json = fake\cpr_2010880004.json
		fake\cpr_2105732735.json = fake\cpr_2105732735.json
		fake\cpr_2203025389.json = fake\cpr_2203025389.json
		fake\cpr_2403028099.json = fake\cpr_2403028099.json
		fake\cpr_2507847776.json = fake\cpr_2507847776.json
		fake\cpr_2509045006.json = fake\cpr_2509045006.json
		fake\cpr_2803690017.json = fake\cpr_2803690017.json
		fake\cpr_2903801029.json = fake\cpr_2903801029.json
		fake\cpr_2905650028.json = fake\cpr_2905650028.json
		fake\cpr_3004700138.json = fake\cpr_3004700138.json
		fake\cpr_3008921066.json = fake\cpr_3008921066.json
		fake\cpr_3012680049.json = fake\cpr_3012680049.json
		fake\cpr_3101530069.json = fake\cpr_3101530069.json
		fake\cpr_3101921068.json = fake\cpr_3101921068.json
	EndProjectSection
EndProject
Global
	GlobalSection(SolutionConfigurationPlatforms) = preSolution
		Debug|Any CPU = Debug|Any CPU
		Release|Any CPU = Release|Any CPU
	EndGlobalSection
	GlobalSection(ProjectConfigurationPlatforms) = postSolution
		{B7D824BD-27A8-44AB-99B3-104CBBC1B3E0}.Debug|Any CPU.ActiveCfg = Debug|Any CPU
		{B7D824BD-27A8-44AB-99B3-104CBBC1B3E0}.Debug|Any CPU.Build.0 = Debug|Any CPU
		{B7D824BD-27A8-44AB-99B3-104CBBC1B3E0}.Release|Any CPU.ActiveCfg = Release|Any CPU
		{B7D824BD-27A8-44AB-99B3-104CBBC1B3E0}.Release|Any CPU.Build.0 = Release|Any CPU
		{AD0F7BA5-A090-4025-92BA-645095B75B26}.Debug|Any CPU.ActiveCfg = Debug|Any CPU
		{AD0F7BA5-A090-4025-92BA-645095B75B26}.Debug|Any CPU.Build.0 = Debug|Any CPU
		{AD0F7BA5-A090-4025-92BA-645095B75B26}.Release|Any CPU.ActiveCfg = Release|Any CPU
		{AD0F7BA5-A090-4025-92BA-645095B75B26}.Release|Any CPU.Build.0 = Release|Any CPU
	EndGlobalSection
	GlobalSection(SolutionProperties) = preSolution
		HideSolutionNode = FALSE
	EndGlobalSection
	GlobalSection(NestedProjects) = preSolution
		{B7D824BD-27A8-44AB-99B3-104CBBC1B3E0} = {F6DAFB03-D211-4EEC-A7E6-0CBF99361FC4}
		{AD0F7BA5-A090-4025-92BA-645095B75B26} = {B3A856D9-AB49-4DAB-8A53-5B4461B2735C}
	EndGlobalSection
	GlobalSection(ExtensibilityGlobals) = postSolution
		SolutionGuid = {9CC79F7D-6B66-467E-B4C9-939A7D88E2BA}
	EndGlobalSection
EndGlobal
